
Microsoft Visual Studio Solution File, Format Version 12.00
# Visual Studio Version 17
VisualStudioVersion = 17.11.35312.102
MinimumVisualStudioVersion = 10.0.40219.1
Project("{FAE04EC0-301F-11D3-BF4B-00C04F79EFBC}") = "BusApplication", "BusApplication\BusApplication.csproj", "{7770FFE9-2871-4BF9-BE72-8F29D3E69E3D}"
EndProject
Global
	GlobalSection(SolutionConfigurationPlatforms) = preSolution
		Debug|Any CPU = Debug|Any CPU
		Release|Any CPU = Release|Any CPU
	EndGlobalSection
	GlobalSection(ProjectConfigurationPlatforms) = postSolution
		{7770FFE9-2871-4BF9-BE72-8F29D3E69E3D}.Debug|Any CPU.ActiveCfg = Debug|Any CPU
		{7770FFE9-2871-4BF9-BE72-8F29D3E69E3D}.Debug|Any CPU.Build.0 = Debug|Any CPU
		{7770FFE9-2871-4BF9-BE72-8F29D3E69E3D}.Release|Any CPU.ActiveCfg = Release|Any CPU
		{7770FFE9-2871-4BF9-BE72-8F29D3E69E3D}.Release|Any CPU.Build.0 = Release|Any CPU
	EndGlobalSection
	GlobalSection(SolutionProperties) = preSolution
		HideSolutionNode = FALSE
	EndGlobalSection
	GlobalSection(ExtensibilityGlobals) = postSolution
		SolutionGuid = {41BEDB64-85DC-4182-891F-F4C36D139B20}
	EndGlobalSection
EndGlobal
