
Microsoft Visual Studio Solution File, Format Version 12.00
# Visual Studio Version 17
VisualStudioVersion = 17.11.35312.102
MinimumVisualStudioVersion = 10.0.40219.1
Project("{FAE04EC0-301F-11D3-BF4B-00C04F79EFBC}") = "FormApplication3", "FormApplication3\FormApplication3.csproj", "{BA9E1640-EC59-4D5E-996D-92168C656F23}"
EndProject
Global
	GlobalSection(SolutionConfigurationPlatforms) = preSolution
		Debug|Any CPU = Debug|Any CPU
		Release|Any CPU = Release|Any CPU
	EndGlobalSection
	GlobalSection(ProjectConfigurationPlatforms) = postSolution
		{BA9E1640-EC59-4D5E-996D-92168C656F23}.Debug|Any CPU.ActiveCfg = Debug|Any CPU
		{BA9E1640-EC59-4D5E-996D-92168C656F23}.Debug|Any CPU.Build.0 = Debug|Any CPU
		{BA9E1640-EC59-4D5E-996D-92168C656F23}.Release|Any CPU.ActiveCfg = Release|Any CPU
		{BA9E1640-EC59-4D5E-996D-92168C656F23}.Release|Any CPU.Build.0 = Release|Any CPU
	EndGlobalSection
	GlobalSection(SolutionProperties) = preSolution
		HideSolutionNode = FALSE
	EndGlobalSection
	GlobalSection(ExtensibilityGlobals) = postSolution
		SolutionGuid = {07459174-7383-4BB6-94C4-B8972F7E5CAA}
	EndGlobalSection
EndGlobal
